
Microsoft Visual Studio Solution File, Format Version 12.00
# Visual Studio Version 17
VisualStudioVersion = 17.9.34728.123
MinimumVisualStudioVersion = 10.0.40219.1
Project("{FAE04EC0-301F-11D3-BF4B-00C04F79EFBC}") = "NorthwindAppDb", "NorthwindAppDb\NorthwindAppDb.csproj", "{69D28632-E9AA-4076-90F5-4C18FAEAED54}"
EndProject
Global
	GlobalSection(SolutionConfigurationPlatforms) = preSolution
		Debug|Any CPU = Debug|Any CPU
		Release|Any CPU = Release|Any CPU
	EndGlobalSection
	GlobalSection(ProjectConfigurationPlatforms) = postSolution
		{69D28632-E9AA-4076-90F5-4C18FAEAED54}.Debug|Any CPU.ActiveCfg = Debug|Any CPU
		{69D28632-E9AA-4076-90F5-4C18FAEAED54}.Debug|Any CPU.Build.0 = Debug|Any CPU
		{69D28632-E9AA-4076-90F5-4C18FAEAED54}.Release|Any CPU.ActiveCfg = Release|Any CPU
		{69D28632-E9AA-4076-90F5-4C18FAEAED54}.Release|Any CPU.Build.0 = Release|Any CPU
	EndGlobalSection
	GlobalSection(SolutionProperties) = preSolution
		HideSolutionNode = FALSE
	EndGlobalSection
	GlobalSection(ExtensibilityGlobals) = postSolution
		SolutionGuid = {2B11D01D-539D-4F78-BAB3-55E03280BCBA}
	EndGlobalSection
EndGlobal
