
Microsoft Visual Studio Solution File, Format Version 12.00
# Visual Studio Version 17
VisualStudioVersion = 17.9.34728.123
MinimumVisualStudioVersion = 10.0.40219.1
Project("{FAE04EC0-301F-11D3-BF4B-00C04F79EFBC}") = "CodeFirstApproachCore", "CodeFirstApproachCore\CodeFirstApproachCore.csproj", "{5704A16A-506A-484C-9A0F-98A098FDD1C9}"
EndProject
Global
	GlobalSection(SolutionConfigurationPlatforms) = preSolution
		Debug|Any CPU = Debug|Any CPU
		Release|Any CPU = Release|Any CPU
	EndGlobalSection
	GlobalSection(ProjectConfigurationPlatforms) = postSolution
		{5704A16A-506A-484C-9A0F-98A098FDD1C9}.Debug|Any CPU.ActiveCfg = Debug|Any CPU
		{5704A16A-506A-484C-9A0F-98A098FDD1C9}.Debug|Any CPU.Build.0 = Debug|Any CPU
		{5704A16A-506A-484C-9A0F-98A098FDD1C9}.Release|Any CPU.ActiveCfg = Release|Any CPU
		{5704A16A-506A-484C-9A0F-98A098FDD1C9}.Release|Any CPU.Build.0 = Release|Any CPU
	EndGlobalSection
	GlobalSection(SolutionProperties) = preSolution
		HideSolutionNode = FALSE
	EndGlobalSection
	GlobalSection(ExtensibilityGlobals) = postSolution
		SolutionGuid = {D4CDC520-08F9-4C1F-AEC6-5E31FCB94D79}
	EndGlobalSection
EndGlobal
